
Microsoft Visual Studio Solution File, Format Version 12.00
# Visual Studio Version 16
VisualStudioVersion = 16.0.29201.188
MinimumVisualStudioVersion = 10.0.40219.1
Project("{FAE04EC0-301F-11D3-BF4B-00C04F79EFBC}") = "RESTful", "RESTful\RESTful.csproj", "{F686E580-2098-4C5A-9B5E-62B410214602}"
EndProject
Global
	GlobalSection(SolutionConfigurationPlatforms) = preSolution
		Debug|Any CPU = Debug|Any CPU
		Release|Any CPU = Release|Any CPU
	EndGlobalSection
	GlobalSection(ProjectConfigurationPlatforms) = postSolution
		{F686E580-2098-4C5A-9B5E-62B410214602}.Debug|Any CPU.ActiveCfg = Debug|Any CPU
		{F686E580-2098-4C5A-9B5E-62B410214602}.Debug|Any CPU.Build.0 = Debug|Any CPU
		{F686E580-2098-4C5A-9B5E-62B410214602}.Release|Any CPU.ActiveCfg = Release|Any CPU
		{F686E580-2098-4C5A-9B5E-62B410214602}.Release|Any CPU.Build.0 = Release|Any CPU
	EndGlobalSection
	GlobalSection(SolutionProperties) = preSolution
		HideSolutionNode = FALSE
	EndGlobalSection
	GlobalSection(ExtensibilityGlobals) = postSolution
		SolutionGuid = {26100EF9-D5B5-41FB-98A9-8ADE2B2C7995}
	EndGlobalSection
EndGlobal
